// !$*UTF8*$!
{
	archiveVersion = 1;
	classes = {
	};
	objectVersion = 50;
	objects = {

/* Begin PBXBuildFile section */
		56676B11218C10200086A00B /* iTimetable.xcdatamodeld in Sources */ = {isa = PBXBuildFile; fileRef = 56676B0F218C10200086A00B /* iTimetable.xcdatamodeld */; };
		56676B14218C12750086A00B /* CoreData.framework in Frameworks */ = {isa = PBXBuildFile; fileRef = 56676B13218C12750086A00B /* CoreData.framework */; };
		56676B1D218C16220086A00B /* CourseTransformer.m in Sources */ = {isa = PBXBuildFile; fileRef = 56676B1C218C16220086A00B /* CourseTransformer.m */; };
		56676B2C218C187A0086A00B /* Course.m in Sources */ = {isa = PBXBuildFile; fileRef = 56676B2B218C187A0086A00B /* Course.m */; };
		56676B2F218C19970086A00B /* CourseInfo.m in Sources */ = {isa = PBXBuildFile; fileRef = 56676B2E218C19970086A00B /* CourseInfo.m */; };
		5687C88B218EAC5B00E29762 /* Timetable+CoreDataClass.m in Sources */ = {isa = PBXBuildFile; fileRef = 5687C889218EAC5B00E29762 /* Timetable+CoreDataClass.m */; };
		5687C88C218EAC5B00E29762 /* Timetable+CoreDataProperties.m in Sources */ = {isa = PBXBuildFile; fileRef = 5687C88A218EAC5B00E29762 /* Timetable+CoreDataProperties.m */; };
		56D3C044218B0B930032D0E5 /* AppDelegate.m in Sources */ = {isa = PBXBuildFile; fileRef = 56D3C043218B0B930032D0E5 /* AppDelegate.m */; };
		56D3C046218B0B940032D0E5 /* Assets.xcassets in Resources */ = {isa = PBXBuildFile; fileRef = 56D3C045218B0B940032D0E5 /* Assets.xcassets */; };
		56D3C049218B0B940032D0E5 /* MainMenu.xib in Resources */ = {isa = PBXBuildFile; fileRef = 56D3C047218B0B940032D0E5 /* MainMenu.xib */; };
		56D3C04C218B0B940032D0E5 /* main.m in Sources */ = {isa = PBXBuildFile; fileRef = 56D3C04B218B0B940032D0E5 /* main.m */; };
		56D3C056218B0C0F0032D0E5 /* MainWindowController.m in Sources */ = {isa = PBXBuildFile; fileRef = 56D3C054218B0C0F0032D0E5 /* MainWindowController.m */; };
		56D3C057218B0C0F0032D0E5 /* MainWindowController.xib in Resources */ = {isa = PBXBuildFile; fileRef = 56D3C055218B0C0F0032D0E5 /* MainWindowController.xib */; };
		56D3C05A218B0D3D0032D0E5 /* MainWindow.m in Sources */ = {isa = PBXBuildFile; fileRef = 56D3C059218B0D3D0032D0E5 /* MainWindow.m */; };
		56D3C05D218B198E0032D0E5 /* EZEventStore.m in Sources */ = {isa = PBXBuildFile; fileRef = 56D3C05C218B198E0032D0E5 /* EZEventStore.m */; };
		56F1162E218D4C76006F8DF6 /* TimetableInfoWindowController.m in Sources */ = {isa = PBXBuildFile; fileRef = 56F1162C218D4C76006F8DF6 /* TimetableInfoWindowController.m */; };
		56F1162F218D4C76006F8DF6 /* TimetableInfoWindowController.xib in Resources */ = {isa = PBXBuildFile; fileRef = 56F1162D218D4C76006F8DF6 /* TimetableInfoWindowController.xib */; };
		56F11632218D4C8A006F8DF6 /* TimetableInfoWindow.m in Sources */ = {isa = PBXBuildFile; fileRef = 56F11631218D4C8A006F8DF6 /* TimetableInfoWindow.m */; };
		56FE79E8218EA2990093BBC5 /* EZTimetable.m in Sources */ = {isa = PBXBuildFile; fileRef = 56FE79E7218EA2990093BBC5 /* EZTimetable.m */; };
/* End PBXBuildFile section */

/* Begin PBXFileReference section */
		56676B10218C10200086A00B /* iTimetable.xcdatamodel */ = {isa = PBXFileReference; lastKnownFileType = wrapper.xcdatamodel; path = iTimetable.xcdatamodel; sourceTree = "<group>"; };
		56676B13218C12750086A00B /* CoreData.framework */ = {isa = PBXFileReference; lastKnownFileType = wrapper.framework; name = CoreData.framework; path = System/Library/Frameworks/CoreData.framework; sourceTree = SDKROOT; };
		56676B1B218C16220086A00B /* CourseTransformer.h */ = {isa = PBXFileReference; lastKnownFileType = sourcecode.c.h; path = CourseTransformer.h; sourceTree = "<group>"; };
		56676B1C218C16220086A00B /* CourseTransformer.m */ = {isa = PBXFileReference; lastKnownFileType = sourcecode.c.objc; path = CourseTransformer.m; sourceTree = "<group>"; };
		56676B2A218C187A0086A00B /* Course.h */ = {isa = PBXFileReference; lastKnownFileType = sourcecode.c.h; path = Course.h; sourceTree = "<group>"; };
		56676B2B218C187A0086A00B /* Course.m */ = {isa = PBXFileReference; lastKnownFileType = sourcecode.c.objc; path = Course.m; sourceTree = "<group>"; };
		56676B2D218C19970086A00B /* CourseInfo.h */ = {isa = PBXFileReference; lastKnownFileType = sourcecode.c.h; path = CourseInfo.h; sourceTree = "<group>"; };
		56676B2E218C19970086A00B /* CourseInfo.m */ = {isa = PBXFileReference; lastKnownFileType = sourcecode.c.objc; path = CourseInfo.m; sourceTree = "<group>"; };
		5687C887218EAC5B00E29762 /* Timetable+CoreDataProperties.h */ = {isa = PBXFileReference; lastKnownFileType = sourcecode.c.h; path = "Timetable+CoreDataProperties.h"; sourceTree = "<group>"; };
		5687C888218EAC5B00E29762 /* Timetable+CoreDataClass.h */ = {isa = PBXFileReference; lastKnownFileType = sourcecode.c.h; path = "Timetable+CoreDataClass.h"; sourceTree = "<group>"; };
		5687C889218EAC5B00E29762 /* Timetable+CoreDataClass.m */ = {isa = PBXFileReference; lastKnownFileType = sourcecode.c.objc; path = "Timetable+CoreDataClass.m"; sourceTree = "<group>"; };
		5687C88A218EAC5B00E29762 /* Timetable+CoreDataProperties.m */ = {isa = PBXFileReference; lastKnownFileType = sourcecode.c.objc; path = "Timetable+CoreDataProperties.m"; sourceTree = "<group>"; };
		56D3C03F218B0B930032D0E5 /* iTimetable.app */ = {isa = PBXFileReference; explicitFileType = wrapper.application; includeInIndex = 0; path = iTimetable.app; sourceTree = BUILT_PRODUCTS_DIR; };
		56D3C042218B0B930032D0E5 /* AppDelegate.h */ = {isa = PBXFileReference; lastKnownFileType = sourcecode.c.h; path = AppDelegate.h; sourceTree = "<group>"; };
		56D3C043218B0B930032D0E5 /* AppDelegate.m */ = {isa = PBXFileReference; lastKnownFileType = sourcecode.c.objc; path = AppDelegate.m; sourceTree = "<group>"; };
		56D3C045218B0B940032D0E5 /* Assets.xcassets */ = {isa = PBXFileReference; lastKnownFileType = folder.assetcatalog; path = Assets.xcassets; sourceTree = "<group>"; };
		56D3C048218B0B940032D0E5 /* Base */ = {isa = PBXFileReference; lastKnownFileType = file.xib; name = Base; path = Base.lproj/MainMenu.xib; sourceTree = "<group>"; };
		56D3C04A218B0B940032D0E5 /* Info.plist */ = {isa = PBXFileReference; lastKnownFileType = text.plist.xml; path = Info.plist; sourceTree = "<group>"; };
		56D3C04B218B0B940032D0E5 /* main.m */ = {isa = PBXFileReference; lastKnownFileType = sourcecode.c.objc; path = main.m; sourceTree = "<group>"; };
		56D3C04D218B0B940032D0E5 /* iTimetable.entitlements */ = {isa = PBXFileReference; lastKnownFileType = text.plist.entitlements; path = iTimetable.entitlements; sourceTree = "<group>"; };
		56D3C053218B0C0F0032D0E5 /* MainWindowController.h */ = {isa = PBXFileReference; lastKnownFileType = sourcecode.c.h; path = MainWindowController.h; sourceTree = "<group>"; };
		56D3C054218B0C0F0032D0E5 /* MainWindowController.m */ = {isa = PBXFileReference; lastKnownFileType = sourcecode.c.objc; path = MainWindowController.m; sourceTree = "<group>"; };
		56D3C055218B0C0F0032D0E5 /* MainWindowController.xib */ = {isa = PBXFileReference; lastKnownFileType = file.xib; path = MainWindowController.xib; sourceTree = "<group>"; };
		56D3C058218B0D3D0032D0E5 /* MainWindow.h */ = {isa = PBXFileReference; lastKnownFileType = sourcecode.c.h; path = MainWindow.h; sourceTree = "<group>"; };
		56D3C059218B0D3D0032D0E5 /* MainWindow.m */ = {isa = PBXFileReference; lastKnownFileType = sourcecode.c.objc; path = MainWindow.m; sourceTree = "<group>"; };
		56D3C05B218B198E0032D0E5 /* EZEventStore.h */ = {isa = PBXFileReference; lastKnownFileType = sourcecode.c.h; path = EZEventStore.h; sourceTree = "<group>"; };
		56D3C05C218B198E0032D0E5 /* EZEventStore.m */ = {isa = PBXFileReference; lastKnownFileType = sourcecode.c.objc; path = EZEventStore.m; sourceTree = "<group>"; };
		56F1162B218D4C76006F8DF6 /* TimetableInfoWindowController.h */ = {isa = PBXFileReference; lastKnownFileType = sourcecode.c.h; path = TimetableInfoWindowController.h; sourceTree = "<group>"; };
		56F1162C218D4C76006F8DF6 /* TimetableInfoWindowController.m */ = {isa = PBXFileReference; lastKnownFileType = sourcecode.c.objc; path = TimetableInfoWindowController.m; sourceTree = "<group>"; };
		56F1162D218D4C76006F8DF6 /* TimetableInfoWindowController.xib */ = {isa = PBXFileReference; lastKnownFileType = file.xib; path = TimetableInfoWindowController.xib; sourceTree = "<group>"; };
		56F11630218D4C8A006F8DF6 /* TimetableInfoWindow.h */ = {isa = PBXFileReference; lastKnownFileType = sourcecode.c.h; path = TimetableInfoWindow.h; sourceTree = "<group>"; };
		56F11631218D4C8A006F8DF6 /* TimetableInfoWindow.m */ = {isa = PBXFileReference; lastKnownFileType = sourcecode.c.objc; path = TimetableInfoWindow.m; sourceTree = "<group>"; };
		56FE79E6218EA2990093BBC5 /* EZTimetable.h */ = {isa = PBXFileReference; lastKnownFileType = sourcecode.c.h; path = EZTimetable.h; sourceTree = "<group>"; };
		56FE79E7218EA2990093BBC5 /* EZTimetable.m */ = {isa = PBXFileReference; lastKnownFileType = sourcecode.c.objc; path = EZTimetable.m; sourceTree = "<group>"; };
/* End PBXFileReference section */

/* Begin PBXFrameworksBuildPhase section */
		56D3C03C218B0B930032D0E5 /* Frameworks */ = {
			isa = PBXFrameworksBuildPhase;
			buildActionMask = 2147483647;
			files = (
				56676B14218C12750086A00B /* CoreData.framework in Frameworks */,
			);
			runOnlyForDeploymentPostprocessing = 0;
		};
/* End PBXFrameworksBuildPhase section */

/* Begin PBXGroup section */
		56676B12218C12750086A00B /* Frameworks */ = {
			isa = PBXGroup;
			children = (
				56676B13218C12750086A00B /* CoreData.framework */,
			);
			name = Frameworks;
			sourceTree = "<group>";
		};
		56D3C036218B0B930032D0E5 = {
			isa = PBXGroup;
			children = (
				56D3C041218B0B930032D0E5 /* iTimetable */,
				56D3C040218B0B930032D0E5 /* Products */,
				56676B12218C12750086A00B /* Frameworks */,
			);
			sourceTree = "<group>";
		};
		56D3C040218B0B930032D0E5 /* Products */ = {
			isa = PBXGroup;
			children = (
				56D3C03F218B0B930032D0E5 /* iTimetable.app */,
			);
			name = Products;
			sourceTree = "<group>";
		};
		56D3C041218B0B930032D0E5 /* iTimetable */ = {
			isa = PBXGroup;
			children = (
				56D3C042218B0B930032D0E5 /* AppDelegate.h */,
				56D3C043218B0B930032D0E5 /* AppDelegate.m */,
				56D3C05B218B198E0032D0E5 /* EZEventStore.h */,
				56D3C05C218B198E0032D0E5 /* EZEventStore.m */,
				56D3C053218B0C0F0032D0E5 /* MainWindowController.h */,
				56D3C054218B0C0F0032D0E5 /* MainWindowController.m */,
				56D3C055218B0C0F0032D0E5 /* MainWindowController.xib */,
				56D3C058218B0D3D0032D0E5 /* MainWindow.h */,
				56D3C059218B0D3D0032D0E5 /* MainWindow.m */,
				56F1162B218D4C76006F8DF6 /* TimetableInfoWindowController.h */,
				56F1162C218D4C76006F8DF6 /* TimetableInfoWindowController.m */,
				56F1162D218D4C76006F8DF6 /* TimetableInfoWindowController.xib */,
				56F11630218D4C8A006F8DF6 /* TimetableInfoWindow.h */,
				56F11631218D4C8A006F8DF6 /* TimetableInfoWindow.m */,
				56676B2A218C187A0086A00B /* Course.h */,
				56676B2B218C187A0086A00B /* Course.m */,
				56676B2D218C19970086A00B /* CourseInfo.h */,
				56676B2E218C19970086A00B /* CourseInfo.m */,
				56FE79E6218EA2990093BBC5 /* EZTimetable.h */,
				56FE79E7218EA2990093BBC5 /* EZTimetable.m */,
				56D3C045218B0B940032D0E5 /* Assets.xcassets */,
				56D3C047218B0B940032D0E5 /* MainMenu.xib */,
				56D3C04A218B0B940032D0E5 /* Info.plist */,
				56D3C04B218B0B940032D0E5 /* main.m */,
				56D3C04D218B0B940032D0E5 /* iTimetable.entitlements */,
				56676B0F218C10200086A00B /* iTimetable.xcdatamodeld */,
				5687C888218EAC5B00E29762 /* Timetable+CoreDataClass.h */,
				5687C889218EAC5B00E29762 /* Timetable+CoreDataClass.m */,
				5687C887218EAC5B00E29762 /* Timetable+CoreDataProperties.h */,
				5687C88A218EAC5B00E29762 /* Timetable+CoreDataProperties.m */,
				56676B1B218C16220086A00B /* CourseTransformer.h */,
				56676B1C218C16220086A00B /* CourseTransformer.m */,
			);
			path = iTimetable;
			sourceTree = "<group>";
		};
/* End PBXGroup section */

/* Begin PBXNativeTarget section */
		56D3C03E218B0B930032D0E5 /* iTimetable */ = {
			isa = PBXNativeTarget;
			buildConfigurationList = 56D3C050218B0B940032D0E5 /* Build configuration list for PBXNativeTarget "iTimetable" */;
			buildPhases = (
				56D3C03B218B0B930032D0E5 /* Sources */,
				56D3C03C218B0B930032D0E5 /* Frameworks */,
				56D3C03D218B0B930032D0E5 /* Resources */,
			);
			buildRules = (
			);
			dependencies = (
			);
			name = iTimetable;
			productName = iTimetable;
			productReference = 56D3C03F218B0B930032D0E5 /* iTimetable.app */;
			productType = "com.apple.product-type.application";
		};
/* End PBXNativeTarget section */

/* Begin PBXProject section */
		56D3C037218B0B930032D0E5 /* Project object */ = {
			isa = PBXProject;
			attributes = {
				LastUpgradeCheck = 1010;
				ORGANIZATIONNAME = "Evian张";
				TargetAttributes = {
					56D3C03E218B0B930032D0E5 = {
						CreatedOnToolsVersion = 10.1;
					};
				};
			};
			buildConfigurationList = 56D3C03A218B0B930032D0E5 /* Build configuration list for PBXProject "iTimetable" */;
			compatibilityVersion = "Xcode 9.3";
			developmentRegion = en;
			hasScannedForEncodings = 0;
			knownRegions = (
				en,
				Base,
			);
			mainGroup = 56D3C036218B0B930032D0E5;
			productRefGroup = 56D3C040218B0B930032D0E5 /* Products */;
			projectDirPath = "";
			projectRoot = "";
			targets = (
				56D3C03E218B0B930032D0E5 /* iTimetable */,
			);
		};
/* End PBXProject section */

/* Begin PBXResourcesBuildPhase section */
		56D3C03D218B0B930032D0E5 /* Resources */ = {
			isa = PBXResourcesBuildPhase;
			buildActionMask = 2147483647;
			files = (
				56D3C046218B0B940032D0E5 /* Assets.xcassets in Resources */,
				56D3C057218B0C0F0032D0E5 /* MainWindowController.xib in Resources */,
				56D3C049218B0B940032D0E5 /* MainMenu.xib in Resources */,
				56F1162F218D4C76006F8DF6 /* TimetableInfoWindowController.xib in Resources */,
			);
			runOnlyForDeploymentPostprocessing = 0;
		};
/* End PBXResourcesBuildPhase section */

/* Begin PBXSourcesBuildPhase section */
		56D3C03B218B0B930032D0E5 /* Sources */ = {
			isa = PBXSourcesBuildPhase;
			buildActionMask = 2147483647;
			files = (
				56D3C05A218B0D3D0032D0E5 /* MainWindow.m in Sources */,
				5687C88C218EAC5B00E29762 /* Timetable+CoreDataProperties.m in Sources */,
				56FE79E8218EA2990093BBC5 /* EZTimetable.m in Sources */,
				56D3C056218B0C0F0032D0E5 /* MainWindowController.m in Sources */,
				5687C88B218EAC5B00E29762 /* Timetable+CoreDataClass.m in Sources */,
				56F11632218D4C8A006F8DF6 /* TimetableInfoWindow.m in Sources */,
				56D3C04C218B0B940032D0E5 /* main.m in Sources */,
				56676B1D218C16220086A00B /* CourseTransformer.m in Sources */,
				56676B2C218C187A0086A00B /* Course.m in Sources */,
				56676B11218C10200086A00B /* iTimetable.xcdatamodeld in Sources */,
				56D3C05D218B198E0032D0E5 /* EZEventStore.m in Sources */,
				56D3C044218B0B930032D0E5 /* AppDelegate.m in Sources */,
				56F1162E218D4C76006F8DF6 /* TimetableInfoWindowController.m in Sources */,
				56676B2F218C19970086A00B /* CourseInfo.m in Sources */,
			);
			runOnlyForDeploymentPostprocessing = 0;
		};
/* End PBXSourcesBuildPhase section */

/* Begin PBXVariantGroup section */
		56D3C047218B0B940032D0E5 /* MainMenu.xib */ = {
			isa = PBXVariantGroup;
			children = (
				56D3C048218B0B940032D0E5 /* Base */,
			);
			name = MainMenu.xib;
			sourceTree = "<group>";
		};
/* End PBXVariantGroup section */

/* Begin XCBuildConfiguration section */
		56D3C04E218B0B940032D0E5 /* Debug */ = {
			isa = XCBuildConfiguration;
			buildSettings = {
				ALWAYS_SEARCH_USER_PATHS = NO;
				CLANG_ANALYZER_NONNULL = YES;
				CLANG_ANALYZER_NUMBER_OBJECT_CONVERSION = YES_AGGRESSIVE;
				CLANG_CXX_LANGUAGE_STANDARD = "gnu++14";
				CLANG_CXX_LIBRARY = "libc++";
				CLANG_ENABLE_MODULES = YES;
				CLANG_ENABLE_OBJC_ARC = YES;
				CLANG_ENABLE_OBJC_WEAK = YES;
				CLANG_WARN_BLOCK_CAPTURE_AUTORELEASING = YES;
				CLANG_WARN_BOOL_CONVERSION = YES;
				CLANG_WARN_COMMA = YES;
				CLANG_WARN_CONSTANT_CONVERSION = YES;
				CLANG_WARN_DEPRECATED_OBJC_IMPLEMENTATIONS = YES;
				CLANG_WARN_DIRECT_OBJC_ISA_USAGE = YES_ERROR;
				CLANG_WARN_DOCUMENTATION_COMMENTS = YES;
				CLANG_WARN_EMPTY_BODY = YES;
				CLANG_WARN_ENUM_CONVERSION = YES;
				CLANG_WARN_INFINITE_RECURSION = YES;
				CLANG_WARN_INT_CONVERSION = YES;
				CLANG_WARN_NON_LITERAL_NULL_CONVERSION = YES;
				CLANG_WARN_OBJC_IMPLICIT_RETAIN_SELF = YES;
				CLANG_WARN_OBJC_LITERAL_CONVERSION = YES;
				CLANG_WARN_OBJC_ROOT_CLASS = YES_ERROR;
				CLANG_WARN_RANGE_LOOP_ANALYSIS = YES;
				CLANG_WARN_STRICT_PROTOTYPES = YES;
				CLANG_WARN_SUSPICIOUS_MOVE = YES;
				CLANG_WARN_UNGUARDED_AVAILABILITY = YES_AGGRESSIVE;
				CLANG_WARN_UNREACHABLE_CODE = YES;
				CLANG_WARN__DUPLICATE_METHOD_MATCH = YES;
				CODE_SIGN_IDENTITY = "Mac Developer";
				COPY_PHASE_STRIP = NO;
				DEBUG_INFORMATION_FORMAT = dwarf;
				ENABLE_STRICT_OBJC_MSGSEND = YES;
				ENABLE_TESTABILITY = YES;
				GCC_C_LANGUAGE_STANDARD = gnu11;
				GCC_DYNAMIC_NO_PIC = NO;
				GCC_NO_COMMON_BLOCKS = YES;
				GCC_OPTIMIZATION_LEVEL = 0;
				GCC_PREPROCESSOR_DEFINITIONS = (
					"DEBUG=1",
					"$(inherited)",
				);
				GCC_WARN_64_TO_32_BIT_CONVERSION = YES;
				GCC_WARN_ABOUT_RETURN_TYPE = YES_ERROR;
				GCC_WARN_UNDECLARED_SELECTOR = YES;
				GCC_WARN_UNINITIALIZED_AUTOS = YES_AGGRESSIVE;
				GCC_WARN_UNUSED_FUNCTION = YES;
				GCC_WARN_UNUSED_VARIABLE = YES;
				MACOSX_DEPLOYMENT_TARGET = 10.14;
				MTL_ENABLE_DEBUG_INFO = INCLUDE_SOURCE;
				MTL_FAST_MATH = YES;
				ONLY_ACTIVE_ARCH = YES;
				SDKROOT = macosx;
			};
			name = Debug;
		};
		56D3C04F218B0B940032D0E5 /* Release */ = {
			isa = XCBuildConfiguration;
			buildSettings = {
				ALWAYS_SEARCH_USER_PATHS = NO;
				CLANG_ANALYZER_NONNULL = YES;
				CLANG_ANALYZER_NUMBER_OBJECT_CONVERSION = YES_AGGRESSIVE;
				CLANG_CXX_LANGUAGE_STANDARD = "gnu++14";
				CLANG_CXX_LIBRARY = "libc++";
				CLANG_ENABLE_MODULES = YES;
				CLANG_ENABLE_OBJC_ARC = YES;
				CLANG_ENABLE_OBJC_WEAK = YES;
				CLANG_WARN_BLOCK_CAPTURE_AUTORELEASING = YES;
				CLANG_WARN_BOOL_CONVERSION = YES;
				CLANG_WARN_COMMA = YES;
				CLANG_WARN_CONSTANT_CONVERSION = YES;
				CLANG_WARN_DEPRECATED_OBJC_IMPLEMENTATIONS = YES;
				CLANG_WARN_DIRECT_OBJC_ISA_USAGE = YES_ERROR;
				CLANG_WARN_DOCUMENTATION_COMMENTS = YES;
				CLANG_WARN_EMPTY_BODY = YES;
				CLANG_WARN_ENUM_CONVERSION = YES;
				CLANG_WARN_INFINITE_RECURSION = YES;
				CLANG_WARN_INT_CONVERSION = YES;
				CLANG_WARN_NON_LITERAL_NULL_CONVERSION = YES;
				CLANG_WARN_OBJC_IMPLICIT_RETAIN_SELF = YES;
				CLANG_WARN_OBJC_LITERAL_CONVERSION = YES;
				CLANG_WARN_OBJC_ROOT_CLASS = YES_ERROR;
				CLANG_WARN_RANGE_LOOP_ANALYSIS = YES;
				CLANG_WARN_STRICT_PROTOTYPES = YES;
				CLANG_WARN_SUSPICIOUS_MOVE = YES;
				CLANG_WARN_UNGUARDED_AVAILABILITY = YES_AGGRESSIVE;
				CLANG_WARN_UNREACHABLE_CODE = YES;
				CLANG_WARN__DUPLICATE_METHOD_MATCH = YES;
				CODE_SIGN_IDENTITY = "Mac Developer";
				COPY_PHASE_STRIP = NO;
				DEBUG_INFORMATION_FORMAT = "dwarf-with-dsym";
				ENABLE_NS_ASSERTIONS = NO;
				ENABLE_STRICT_OBJC_MSGSEND = YES;
				GCC_C_LANGUAGE_STANDARD = gnu11;
				GCC_NO_COMMON_BLOCKS = YES;
				GCC_WARN_64_TO_32_BIT_CONVERSION = YES;
				GCC_WARN_ABOUT_RETURN_TYPE = YES_ERROR;
				GCC_WARN_UNDECLARED_SELECTOR = YES;
				GCC_WARN_UNINITIALIZED_AUTOS = YES_AGGRESSIVE;
				GCC_WARN_UNUSED_FUNCTION = YES;
				GCC_WARN_UNUSED_VARIABLE = YES;
				MACOSX_DEPLOYMENT_TARGET = 10.14;
				MTL_ENABLE_DEBUG_INFO = NO;
				MTL_FAST_MATH = YES;
				SDKROOT = macosx;
			};
			name = Release;
		};
		56D3C051218B0B940032D0E5 /* Debug */ = {
			isa = XCBuildConfiguration;
			buildSettings = {
				ASSETCATALOG_COMPILER_APPICON_NAME = AppIcon;
				CODE_SIGN_ENTITLEMENTS = iTimetable/iTimetable.entitlements;
				CODE_SIGN_STYLE = Automatic;
				COMBINE_HIDPI_IMAGES = YES;
				DEVELOPMENT_TEAM = C9474Z9GXV;
				INFOPLIST_FILE = iTimetable/Info.plist;
				LD_RUNPATH_SEARCH_PATHS = (
					"$(inherited)",
					"@executable_path/../Frameworks",
				);
				PRODUCT_BUNDLE_IDENTIFIER = com.evian.zhang.iTimetable;
				PRODUCT_NAME = "$(TARGET_NAME)";
			};
			name = Debug;
		};
		56D3C052218B0B940032D0E5 /* Release */ = {
			isa = XCBuildConfiguration;
			buildSettings = {
				ASSETCATALOG_COMPILER_APPICON_NAME = AppIcon;
				CODE_SIGN_ENTITLEMENTS = iTimetable/iTimetable.entitlements;
				CODE_SIGN_STYLE = Automatic;
				COMBINE_HIDPI_IMAGES = YES;
				DEVELOPMENT_TEAM = C9474Z9GXV;
				INFOPLIST_FILE = iTimetable/Info.plist;
				LD_RUNPATH_SEARCH_PATHS = (
					"$(inherited)",
					"@executable_path/../Frameworks",
				);
				PRODUCT_BUNDLE_IDENTIFIER = com.evian.zhang.iTimetable;
				PRODUCT_NAME = "$(TARGET_NAME)";
			};
			name = Release;
		};
/* End XCBuildConfiguration section */

/* Begin XCConfigurationList section */
		56D3C03A218B0B930032D0E5 /* Build configuration list for PBXProject "iTimetable" */ = {
			isa = XCConfigurationList;
			buildConfigurations = (
				56D3C04E218B0B940032D0E5 /* Debug */,
				56D3C04F218B0B940032D0E5 /* Release */,
			);
			defaultConfigurationIsVisible = 0;
			defaultConfigurationName = Release;
		};
		56D3C050218B0B940032D0E5 /* Build configuration list for PBXNativeTarget "iTimetable" */ = {
			isa = XCConfigurationList;
			buildConfigurations = (
				56D3C051218B0B940032D0E5 /* Debug */,
				56D3C052218B0B940032D0E5 /* Release */,
			);
			defaultConfigurationIsVisible = 0;
			defaultConfigurationName = Release;
		};
/* End XCConfigurationList section */

/* Begin XCVersionGroup section */
		56676B0F218C10200086A00B /* iTimetable.xcdatamodeld */ = {
			isa = XCVersionGroup;
			children = (
				56676B10218C10200086A00B /* iTimetable.xcdatamodel */,
			);
			currentVersion = 56676B10218C10200086A00B /* iTimetable.xcdatamodel */;
			path = iTimetable.xcdatamodeld;
			sourceTree = "<group>";
			versionGroupType = wrapper.xcdatamodel;
		};
/* End XCVersionGroup section */
	};
	rootObject = 56D3C037218B0B930032D0E5 /* Project object */;
}
